{
	"name": "NitroBypass",
	"lockfileVersion": 3,
	"requires": true,
	"packages": {
		"": {
			"dependencies": {
				"discord-api-types": "^0.37.35"
			},
			"devDependencies": {
				"@types/betterdiscord": "github:zerthox/betterdiscord-types",
				"@types/node": "^18.14.2",
				"esbuild": "^0.17.10",
				"esbuild-plugin-import-glob": "^0.1.1",
				"tsx": "^3.12.3"
			}
		},
		"node_modules/@esbuild-kit/cjs-loader": {
			"version": "2.4.2",
			"resolved": "https://registry.npmjs.org/@esbuild-kit/cjs-loader/-/cjs-loader-2.4.2.tgz",
			"integrity": "sha512-BDXFbYOJzT/NBEtp71cvsrGPwGAMGRB/349rwKuoxNSiKjPraNNnlK6MIIabViCjqZugu6j+xeMDlEkWdHHJSg==",
			"dev": true,
			"dependencies": {
				"@esbuild-kit/core-utils": "^3.0.0",
				"get-tsconfig": "^4.4.0"
			}
		},
		"node_modules/@esbuild-kit/core-utils": {
			"version": "3.1.0",
			"resolved": "https://registry.npmjs.org/@esbuild-kit/core-utils/-/core-utils-3.1.0.tgz",
			"integrity": "sha512-Uuk8RpCg/7fdHSceR1M6XbSZFSuMrxcePFuGgyvsBn+u339dk5OeL4jv2EojwTN2st/unJGsVm4qHWjWNmJ/tw==",
			"dev": true,
			"dependencies": {
				"esbuild": "~0.17.6",
				"source-map-support": "^0.5.21"
			}
		},
		"node_modules/@esbuild-kit/esm-loader": {
			"version": "2.5.5",
			"resolved": "https://registry.npmjs.org/@esbuild-kit/esm-loader/-/esm-loader-2.5.5.tgz",
			"integrity": "sha512-Qwfvj/qoPbClxCRNuac1Du01r9gvNOT+pMYtJDapfB1eoGN1YlJ1BixLyL9WVENRx5RXgNLdfYdx/CuswlGhMw==",
			"dev": true,
			"dependencies": {
				"@esbuild-kit/core-utils": "^3.0.0",
				"get-tsconfig": "^4.4.0"
			}
		},
		"node_modules/@esbuild/android-arm": {
			"version": "0.17.10",
			"resolved": "https://registry.npmjs.org/@esbuild/android-arm/-/android-arm-0.17.10.tgz",
			"integrity": "sha512-7YEBfZ5lSem9Tqpsz+tjbdsEshlO9j/REJrfv4DXgKTt1+/MHqGwbtlyxQuaSlMeUZLxUKBaX8wdzlTfHkmnLw==",
			"cpu": [
				"arm"
			],
			"dev": true,
			"optional": true,
			"os": [
				"android"
			],
			"engines": {
				"node": ">=12"
			}
		},
		"node_modules/@esbuild/android-arm64": {
			"version": "0.17.10",
			"resolved": "https://registry.npmjs.org/@esbuild/android-arm64/-/android-arm64-0.17.10.tgz",
			"integrity": "sha512-ht1P9CmvrPF5yKDtyC+z43RczVs4rrHpRqrmIuoSvSdn44Fs1n6DGlpZKdK6rM83pFLbVaSUwle8IN+TPmkv7g==",
			"cpu": [
				"arm64"
			],
			"dev": true,
			"optional": true,
			"os": [
				"android"
			],
			"engines": {
				"node": ">=12"
			}
		},
		"node_modules/@esbuild/android-x64": {
			"version": "0.17.10",
			"resolved": "https://registry.npmjs.org/@esbuild/android-x64/-/android-x64-0.17.10.tgz",
			"integrity": "sha512-CYzrm+hTiY5QICji64aJ/xKdN70IK8XZ6iiyq0tZkd3tfnwwSWTYH1t3m6zyaaBxkuj40kxgMyj1km/NqdjQZA==",
			"cpu": [
				"x64"
			],
			"dev": true,
			"optional": true,
			"os": [
				"android"
			],
			"engines": {
				"node": ">=12"
			}
		},
		"node_modules/@esbuild/darwin-arm64": {
			"version": "0.17.10",
			"resolved": "https://registry.npmjs.org/@esbuild/darwin-arm64/-/darwin-arm64-0.17.10.tgz",
			"integrity": "sha512-3HaGIowI+nMZlopqyW6+jxYr01KvNaLB5znXfbyyjuo4lE0VZfvFGcguIJapQeQMS4cX/NEispwOekJt3gr5Dg==",
			"cpu": [
				"arm64"
			],
			"dev": true,
			"optional": true,
			"os": [
				"darwin"
			],
			"engines": {
				"node": ">=12"
			}
		},
		"node_modules/@esbuild/darwin-x64": {
			"version": "0.17.10",
			"resolved": "https://registry.npmjs.org/@esbuild/darwin-x64/-/darwin-x64-0.17.10.tgz",
			"integrity": "sha512-J4MJzGchuCRG5n+B4EHpAMoJmBeAE1L3wGYDIN5oWNqX0tEr7VKOzw0ymSwpoeSpdCa030lagGUfnfhS7OvzrQ==",
			"cpu": [
				"x64"
			],
			"dev": true,
			"optional": true,
			"os": [
				"darwin"
			],
			"engines": {
				"node": ">=12"
			}
		},
		"node_modules/@esbuild/freebsd-arm64": {
			"version": "0.17.10",
			"resolved": "https://registry.npmjs.org/@esbuild/freebsd-arm64/-/freebsd-arm64-0.17.10.tgz",
			"integrity": "sha512-ZkX40Z7qCbugeK4U5/gbzna/UQkM9d9LNV+Fro8r7HA7sRof5Rwxc46SsqeMvB5ZaR0b1/ITQ/8Y1NmV2F0fXQ==",
			"cpu": [
				"arm64"
			],
			"dev": true,
			"optional": true,
			"os": [
				"freebsd"
			],
			"engines": {
				"node": ">=12"
			}
		},
		"node_modules/@esbuild/freebsd-x64": {
			"version": "0.17.10",
			"resolved": "https://registry.npmjs.org/@esbuild/freebsd-x64/-/freebsd-x64-0.17.10.tgz",
			"integrity": "sha512-0m0YX1IWSLG9hWh7tZa3kdAugFbZFFx9XrvfpaCMMvrswSTvUZypp0NFKriUurHpBA3xsHVE9Qb/0u2Bbi/otg==",
			"cpu": [
				"x64"
			],
			"dev": true,
			"optional": true,
			"os": [
				"freebsd"
			],
			"engines": {
				"node": ">=12"
			}
		},
		"node_modules/@esbuild/linux-arm": {
			"version": "0.17.10",
			"resolved": "https://registry.npmjs.org/@esbuild/linux-arm/-/linux-arm-0.17.10.tgz",
			"integrity": "sha512-whRdrrl0X+9D6o5f0sTZtDM9s86Xt4wk1bf7ltx6iQqrIIOH+sre1yjpcCdrVXntQPCNw/G+XqsD4HuxeS+2QA==",
			"cpu": [
				"arm"
			],
			"dev": true,
			"optional": true,
			"os": [
				"linux"
			],
			"engines": {
				"node": ">=12"
			}
		},
		"node_modules/@esbuild/linux-arm64": {
			"version": "0.17.10",
			"resolved": "https://registry.npmjs.org/@esbuild/linux-arm64/-/linux-arm64-0.17.10.tgz",
			"integrity": "sha512-g1EZJR1/c+MmCgVwpdZdKi4QAJ8DCLP5uTgLWSAVd9wlqk9GMscaNMEViG3aE1wS+cNMzXXgdWiW/VX4J+5nTA==",
			"cpu": [
				"arm64"
			],
			"dev": true,
			"optional": true,
			"os": [
				"linux"
			],
			"engines": {
				"node": ">=12"
			}
		},
		"node_modules/@esbuild/linux-ia32": {
			"version": "0.17.10",
			"resolved": "https://registry.npmjs.org/@esbuild/linux-ia32/-/linux-ia32-0.17.10.tgz",
			"integrity": "sha512-1vKYCjfv/bEwxngHERp7huYfJ4jJzldfxyfaF7hc3216xiDA62xbXJfRlradiMhGZbdNLj2WA1YwYFzs9IWNPw==",
			"cpu": [
				"ia32"
			],
			"dev": true,
			"optional": true,
			"os": [
				"linux"
			],
			"engines": {
				"node": ">=12"
			}
		},
		"node_modules/@esbuild/linux-loong64": {
			"version": "0.17.10",
			"resolved": "https://registry.npmjs.org/@esbuild/linux-loong64/-/linux-loong64-0.17.10.tgz",
			"integrity": "sha512-mvwAr75q3Fgc/qz3K6sya3gBmJIYZCgcJ0s7XshpoqIAIBszzfXsqhpRrRdVFAyV1G9VUjj7VopL2HnAS8aHFA==",
			"cpu": [
				"loong64"
			],
			"dev": true,
			"optional": true,
			"os": [
				"linux"
			],
			"engines": {
				"node": ">=12"
			}
		},
		"node_modules/@esbuild/linux-mips64el": {
			"version": "0.17.10",
			"resolved": "https://registry.npmjs.org/@esbuild/linux-mips64el/-/linux-mips64el-0.17.10.tgz",
			"integrity": "sha512-XilKPgM2u1zR1YuvCsFQWl9Fc35BqSqktooumOY2zj7CSn5czJn279j9TE1JEqSqz88izJo7yE4x3LSf7oxHzg==",
			"cpu": [
				"mips64el"
			],
			"dev": true,
			"optional": true,
			"os": [
				"linux"
			],
			"engines": {
				"node": ">=12"
			}
		},
		"node_modules/@esbuild/linux-ppc64": {
			"version": "0.17.10",
			"resolved": "https://registry.npmjs.org/@esbuild/linux-ppc64/-/linux-ppc64-0.17.10.tgz",
			"integrity": "sha512-kM4Rmh9l670SwjlGkIe7pYWezk8uxKHX4Lnn5jBZYBNlWpKMBCVfpAgAJqp5doLobhzF3l64VZVrmGeZ8+uKmQ==",
			"cpu": [
				"ppc64"
			],
			"dev": true,
			"optional": true,
			"os": [
				"linux"
			],
			"engines": {
				"node": ">=12"
			}
		},
		"node_modules/@esbuild/linux-riscv64": {
			"version": "0.17.10",
			"resolved": "https://registry.npmjs.org/@esbuild/linux-riscv64/-/linux-riscv64-0.17.10.tgz",
			"integrity": "sha512-r1m9ZMNJBtOvYYGQVXKy+WvWd0BPvSxMsVq8Hp4GzdMBQvfZRvRr5TtX/1RdN6Va8JMVQGpxqde3O+e8+khNJQ==",
			"cpu": [
				"riscv64"
			],
			"dev": true,
			"optional": true,
			"os": [
				"linux"
			],
			"engines": {
				"node": ">=12"
			}
		},
		"node_modules/@esbuild/linux-s390x": {
			"version": "0.17.10",
			"resolved": "https://registry.npmjs.org/@esbuild/linux-s390x/-/linux-s390x-0.17.10.tgz",
			"integrity": "sha512-LsY7QvOLPw9WRJ+fU5pNB3qrSfA00u32ND5JVDrn/xG5hIQo3kvTxSlWFRP0NJ0+n6HmhPGG0Q4jtQsb6PFoyg==",
			"cpu": [
				"s390x"
			],
			"dev": true,
			"optional": true,
			"os": [
				"linux"
			],
			"engines": {
				"node": ">=12"
			}
		},
		"node_modules/@esbuild/linux-x64": {
			"version": "0.17.10",
			"resolved": "https://registry.npmjs.org/@esbuild/linux-x64/-/linux-x64-0.17.10.tgz",
			"integrity": "sha512-zJUfJLebCYzBdIz/Z9vqwFjIA7iSlLCFvVi7glMgnu2MK7XYigwsonXshy9wP9S7szF+nmwrelNaP3WGanstEg==",
			"cpu": [
				"x64"
			],
			"dev": true,
			"optional": true,
			"os": [
				"linux"
			],
			"engines": {
				"node": ">=12"
			}
		},
		"node_modules/@esbuild/netbsd-x64": {
			"version": "0.17.10",
			"resolved": "https://registry.npmjs.org/@esbuild/netbsd-x64/-/netbsd-x64-0.17.10.tgz",
			"integrity": "sha512-lOMkailn4Ok9Vbp/q7uJfgicpDTbZFlXlnKT2DqC8uBijmm5oGtXAJy2ZZVo5hX7IOVXikV9LpCMj2U8cTguWA==",
			"cpu": [
				"x64"
			],
			"dev": true,
			"optional": true,
			"os": [
				"netbsd"
			],
			"engines": {
				"node": ">=12"
			}
		},
		"node_modules/@esbuild/openbsd-x64": {
			"version": "0.17.10",
			"resolved": "https://registry.npmjs.org/@esbuild/openbsd-x64/-/openbsd-x64-0.17.10.tgz",
			"integrity": "sha512-/VE0Kx6y7eekqZ+ZLU4AjMlB80ov9tEz4H067Y0STwnGOYL8CsNg4J+cCmBznk1tMpxMoUOf0AbWlb1d2Pkbig==",
			"cpu": [
				"x64"
			],
			"dev": true,
			"optional": true,
			"os": [
				"openbsd"
			],
			"engines": {
				"node": ">=12"
			}
		},
		"node_modules/@esbuild/sunos-x64": {
			"version": "0.17.10",
			"resolved": "https://registry.npmjs.org/@esbuild/sunos-x64/-/sunos-x64-0.17.10.tgz",
			"integrity": "sha512-ERNO0838OUm8HfUjjsEs71cLjLMu/xt6bhOlxcJ0/1MG3hNqCmbWaS+w/8nFLa0DDjbwZQuGKVtCUJliLmbVgg==",
			"cpu": [
				"x64"
			],
			"dev": true,
			"optional": true,
			"os": [
				"sunos"
			],
			"engines": {
				"node": ">=12"
			}
		},
		"node_modules/@esbuild/win32-arm64": {
			"version": "0.17.10",
			"resolved": "https://registry.npmjs.org/@esbuild/win32-arm64/-/win32-arm64-0.17.10.tgz",
			"integrity": "sha512-fXv+L+Bw2AeK+XJHwDAQ9m3NRlNemG6Z6ijLwJAAVdu4cyoFbBWbEtyZzDeL+rpG2lWI51cXeMt70HA8g2MqIg==",
			"cpu": [
				"arm64"
			],
			"dev": true,
			"optional": true,
			"os": [
				"win32"
			],
			"engines": {
				"node": ">=12"
			}
		},
		"node_modules/@esbuild/win32-ia32": {
			"version": "0.17.10",
			"resolved": "https://registry.npmjs.org/@esbuild/win32-ia32/-/win32-ia32-0.17.10.tgz",
			"integrity": "sha512-3s+HADrOdCdGOi5lnh5DMQEzgbsFsd4w57L/eLKKjMnN0CN4AIEP0DCP3F3N14xnxh3ruNc32A0Na9zYe1Z/AQ==",
			"cpu": [
				"ia32"
			],
			"dev": true,
			"optional": true,
			"os": [
				"win32"
			],
			"engines": {
				"node": ">=12"
			}
		},
		"node_modules/@esbuild/win32-x64": {
			"version": "0.17.10",
			"resolved": "https://registry.npmjs.org/@esbuild/win32-x64/-/win32-x64-0.17.10.tgz",
			"integrity": "sha512-oP+zFUjYNaMNmjTwlFtWep85hvwUu19cZklB3QsBOcZSs6y7hmH4LNCJ7075bsqzYaNvZFXJlAVaQ2ApITDXtw==",
			"cpu": [
				"x64"
			],
			"dev": true,
			"optional": true,
			"os": [
				"win32"
			],
			"engines": {
				"node": ">=12"
			}
		},
		"node_modules/@nodelib/fs.scandir": {
			"version": "2.1.5",
			"resolved": "https://registry.npmjs.org/@nodelib/fs.scandir/-/fs.scandir-2.1.5.tgz",
			"integrity": "sha512-vq24Bq3ym5HEQm2NKCr3yXDwjc7vTsEThRDnkp2DK9p1uqLR+DHurm/NOTo0KG7HYHU7eppKZj3MyqYuMBf62g==",
			"dev": true,
			"dependencies": {
				"@nodelib/fs.stat": "2.0.5",
				"run-parallel": "^1.1.9"
			},
			"engines": {
				"node": ">= 8"
			}
		},
		"node_modules/@nodelib/fs.stat": {
			"version": "2.0.5",
			"resolved": "https://registry.npmjs.org/@nodelib/fs.stat/-/fs.stat-2.0.5.tgz",
			"integrity": "sha512-RkhPPp2zrqDAQA/2jNhnztcPAlv64XdhIp7a7454A5ovI7Bukxgt7MX7udwAu3zg1DcpPU0rz3VV1SeaqvY4+A==",
			"dev": true,
			"engines": {
				"node": ">= 8"
			}
		},
		"node_modules/@nodelib/fs.walk": {
			"version": "1.2.8",
			"resolved": "https://registry.npmjs.org/@nodelib/fs.walk/-/fs.walk-1.2.8.tgz",
			"integrity": "sha512-oGB+UxlgWcgQkgwo8GcEGwemoTFt3FIO9ababBmaGwXIoBKZ+GTy0pP185beGg7Llih/NSHSV2XAs1lnznocSg==",
			"dev": true,
			"dependencies": {
				"@nodelib/fs.scandir": "2.1.5",
				"fastq": "^1.6.0"
			},
			"engines": {
				"node": ">= 8"
			}
		},
		"node_modules/@types/betterdiscord": {
			"name": "betterdiscord-types",
			"version": "1.8.8",
			"resolved": "git+ssh://git@github.com/zerthox/betterdiscord-types.git#fcf9d720bc2309660d7b8bffd8f7aa7a8dfe1fd9",
			"dev": true,
			"license": "MIT",
			"dependencies": {
				"@types/classnames": "^2.3.1",
				"@types/lodash": "^4.14.182",
				"@types/react": "^17.0.48",
				"@types/react-dom": "^17.0.17",
				"@types/react-reconciler": "^0.28.0"
			}
		},
		"node_modules/@types/betterdiscord/node_modules/@types/react": {
			"version": "17.0.53",
			"resolved": "https://registry.npmjs.org/@types/react/-/react-17.0.53.tgz",
			"integrity": "sha512-1yIpQR2zdYu1Z/dc1OxC+MA6GR240u3gcnP4l6mvj/PJiVaqHsQPmWttsvHsfnhfPbU2FuGmo0wSITPygjBmsw==",
			"dev": true,
			"dependencies": {
				"@types/prop-types": "*",
				"@types/scheduler": "*",
				"csstype": "^3.0.2"
			}
		},
		"node_modules/@types/betterdiscord/node_modules/@types/react-dom": {
			"version": "17.0.19",
			"resolved": "https://registry.npmjs.org/@types/react-dom/-/react-dom-17.0.19.tgz",
			"integrity": "sha512-PiYG40pnQRdPHnlf7tZnp0aQ6q9tspYr72vD61saO6zFCybLfMqwUCN0va1/P+86DXn18ZWeW30Bk7xlC5eEAQ==",
			"dev": true,
			"dependencies": {
				"@types/react": "^17"
			}
		},
		"node_modules/@types/classnames": {
			"version": "2.3.1",
			"resolved": "https://registry.npmjs.org/@types/classnames/-/classnames-2.3.1.tgz",
			"integrity": "sha512-zeOWb0JGBoVmlQoznvqXbE0tEC/HONsnoUNH19Hc96NFsTAwTXbTqb8FMYkru1F/iqp7a18Ws3nWJvtA1sHD1A==",
			"deprecated": "This is a stub types definition. classnames provides its own type definitions, so you do not need this installed.",
			"dev": true,
			"dependencies": {
				"classnames": "*"
			}
		},
		"node_modules/@types/lodash": {
			"version": "4.14.191",
			"resolved": "https://registry.npmjs.org/@types/lodash/-/lodash-4.14.191.tgz",
			"integrity": "sha512-BdZ5BCCvho3EIXw6wUCXHe7rS53AIDPLE+JzwgT+OsJk53oBfbSmZZ7CX4VaRoN78N+TJpFi9QPlfIVNmJYWxQ==",
			"dev": true
		},
		"node_modules/@types/node": {
			"version": "18.14.2",
			"resolved": "https://registry.npmjs.org/@types/node/-/node-18.14.2.tgz",
			"integrity": "sha512-1uEQxww3DaghA0RxqHx0O0ppVlo43pJhepY51OxuQIKHpjbnYLA7vcdwioNPzIqmC2u3I/dmylcqjlh0e7AyUA==",
			"dev": true
		},
		"node_modules/@types/prop-types": {
			"version": "15.7.5",
			"resolved": "https://registry.npmjs.org/@types/prop-types/-/prop-types-15.7.5.tgz",
			"integrity": "sha512-JCB8C6SnDoQf0cNycqd/35A7MjcnK+ZTqE7judS6o7utxUCg6imJg3QK2qzHKszlTjcj2cn+NwMB2i96ubpj7w==",
			"dev": true
		},
		"node_modules/@types/react": {
			"version": "18.0.28",
			"resolved": "https://registry.npmjs.org/@types/react/-/react-18.0.28.tgz",
			"integrity": "sha512-RD0ivG1kEztNBdoAK7lekI9M+azSnitIn85h4iOiaLjaTrMjzslhaqCGaI4IyCJ1RljWiLCEu4jyrLLgqxBTew==",
			"dev": true,
			"dependencies": {
				"@types/prop-types": "*",
				"@types/scheduler": "*",
				"csstype": "^3.0.2"
			}
		},
		"node_modules/@types/react-reconciler": {
			"version": "0.28.2",
			"resolved": "https://registry.npmjs.org/@types/react-reconciler/-/react-reconciler-0.28.2.tgz",
			"integrity": "sha512-8tu6lHzEgYPlfDf/J6GOQdIc+gs+S2yAqlby3zTsB3SP2svlqTYe5fwZNtZyfactP74ShooP2vvi1BOp9ZemWw==",
			"dev": true,
			"dependencies": {
				"@types/react": "*"
			}
		},
		"node_modules/@types/scheduler": {
			"version": "0.16.2",
			"resolved": "https://registry.npmjs.org/@types/scheduler/-/scheduler-0.16.2.tgz",
			"integrity": "sha512-hppQEBDmlwhFAXKJX2KnWLYu5yMfi91yazPb2l+lbJiwW+wdo1gNeRA+3RgNSO39WYX2euey41KEwnqesU2Jew==",
			"dev": true
		},
		"node_modules/braces": {
			"version": "3.0.2",
			"resolved": "https://registry.npmjs.org/braces/-/braces-3.0.2.tgz",
			"integrity": "sha512-b8um+L1RzM3WDSzvhm6gIz1yfTbBt6YTlcEKAvsmqCZZFw46z626lVj9j1yEPW33H5H+lBQpZMP1k8l+78Ha0A==",
			"dev": true,
			"dependencies": {
				"fill-range": "^7.0.1"
			},
			"engines": {
				"node": ">=8"
			}
		},
		"node_modules/buffer-from": {
			"version": "1.1.2",
			"resolved": "https://registry.npmjs.org/buffer-from/-/buffer-from-1.1.2.tgz",
			"integrity": "sha512-E+XQCRwSbaaiChtv6k6Dwgc+bx+Bs6vuKJHHl5kox/BaKbhiXzqQOwK4cO22yElGp2OCmjwVhT3HmxgyPGnJfQ==",
			"dev": true
		},
		"node_modules/classnames": {
			"version": "2.3.2",
			"resolved": "https://registry.npmjs.org/classnames/-/classnames-2.3.2.tgz",
			"integrity": "sha512-CSbhY4cFEJRe6/GQzIk5qXZ4Jeg5pcsP7b5peFSDpffpe1cqjASH/n9UTjBwOp6XpMSTwQ8Za2K5V02ueA7Tmw==",
			"dev": true
		},
		"node_modules/csstype": {
			"version": "3.1.1",
			"resolved": "https://registry.npmjs.org/csstype/-/csstype-3.1.1.tgz",
			"integrity": "sha512-DJR/VvkAvSZW9bTouZue2sSxDwdTN92uHjqeKVm+0dAqdfNykRzQ95tay8aXMBAAPpUiq4Qcug2L7neoRh2Egw==",
			"dev": true
		},
		"node_modules/discord-api-types": {
			"version": "0.37.35",
			"resolved": "https://registry.npmjs.org/discord-api-types/-/discord-api-types-0.37.35.tgz",
			"integrity": "sha512-iyKZ/82k7FX3lcmHiAvvWu5TmyfVo78RtghBV/YsehK6CID83k5SI03DKKopBcln+TiEIYw5MGgq7SJXSpNzMg=="
		},
		"node_modules/esbuild": {
			"version": "0.17.10",
			"resolved": "https://registry.npmjs.org/esbuild/-/esbuild-0.17.10.tgz",
			"integrity": "sha512-n7V3v29IuZy5qgxx25TKJrEm0FHghAlS6QweUcyIgh/U0zYmQcvogWROitrTyZId1mHSkuhhuyEXtI9OXioq7A==",
			"dev": true,
			"hasInstallScript": true,
			"bin": {
				"esbuild": "bin/esbuild"
			},
			"engines": {
				"node": ">=12"
			},
			"optionalDependencies": {
				"@esbuild/android-arm": "0.17.10",
				"@esbuild/android-arm64": "0.17.10",
				"@esbuild/android-x64": "0.17.10",
				"@esbuild/darwin-arm64": "0.17.10",
				"@esbuild/darwin-x64": "0.17.10",
				"@esbuild/freebsd-arm64": "0.17.10",
				"@esbuild/freebsd-x64": "0.17.10",
				"@esbuild/linux-arm": "0.17.10",
				"@esbuild/linux-arm64": "0.17.10",
				"@esbuild/linux-ia32": "0.17.10",
				"@esbuild/linux-loong64": "0.17.10",
				"@esbuild/linux-mips64el": "0.17.10",
				"@esbuild/linux-ppc64": "0.17.10",
				"@esbuild/linux-riscv64": "0.17.10",
				"@esbuild/linux-s390x": "0.17.10",
				"@esbuild/linux-x64": "0.17.10",
				"@esbuild/netbsd-x64": "0.17.10",
				"@esbuild/openbsd-x64": "0.17.10",
				"@esbuild/sunos-x64": "0.17.10",
				"@esbuild/win32-arm64": "0.17.10",
				"@esbuild/win32-ia32": "0.17.10",
				"@esbuild/win32-x64": "0.17.10"
			}
		},
		"node_modules/esbuild-plugin-import-glob": {
			"version": "0.1.1",
			"resolved": "https://registry.npmjs.org/esbuild-plugin-import-glob/-/esbuild-plugin-import-glob-0.1.1.tgz",
			"integrity": "sha512-yAFH+9AoIcsQkODSx0KUPRv1FeJUN6Tef8vkPQMcuVkc2vXYneYKsHhOiFS/yIsg5bQ70HHtAlXVA1uTjgoJXg==",
			"dev": true,
			"dependencies": {
				"fast-glob": "^3.2.5"
			}
		},
		"node_modules/fast-glob": {
			"version": "3.2.12",
			"resolved": "https://registry.npmjs.org/fast-glob/-/fast-glob-3.2.12.tgz",
			"integrity": "sha512-DVj4CQIYYow0BlaelwK1pHl5n5cRSJfM60UA0zK891sVInoPri2Ekj7+e1CT3/3qxXenpI+nBBmQAcJPJgaj4w==",
			"dev": true,
			"dependencies": {
				"@nodelib/fs.stat": "^2.0.2",
				"@nodelib/fs.walk": "^1.2.3",
				"glob-parent": "^5.1.2",
				"merge2": "^1.3.0",
				"micromatch": "^4.0.4"
			},
			"engines": {
				"node": ">=8.6.0"
			}
		},
		"node_modules/fastq": {
			"version": "1.15.0",
			"resolved": "https://registry.npmjs.org/fastq/-/fastq-1.15.0.tgz",
			"integrity": "sha512-wBrocU2LCXXa+lWBt8RoIRD89Fi8OdABODa/kEnyeyjS5aZO5/GNvI5sEINADqP/h8M29UHTHUb53sUu5Ihqdw==",
			"dev": true,
			"dependencies": {
				"reusify": "^1.0.4"
			}
		},
		"node_modules/fill-range": {
			"version": "7.0.1",
			"resolved": "https://registry.npmjs.org/fill-range/-/fill-range-7.0.1.tgz",
			"integrity": "sha512-qOo9F+dMUmC2Lcb4BbVvnKJxTPjCm+RRpe4gDuGrzkL7mEVl/djYSu2OdQ2Pa302N4oqkSg9ir6jaLWJ2USVpQ==",
			"dev": true,
			"dependencies": {
				"to-regex-range": "^5.0.1"
			},
			"engines": {
				"node": ">=8"
			}
		},
		"node_modules/fsevents": {
			"version": "2.3.2",
			"resolved": "https://registry.npmjs.org/fsevents/-/fsevents-2.3.2.tgz",
			"integrity": "sha512-xiqMQR4xAeHTuB9uWm+fFRcIOgKBMiOBP+eXiyT7jsgVCq1bkVygt00oASowB7EdtpOHaaPgKt812P9ab+DDKA==",
			"dev": true,
			"hasInstallScript": true,
			"optional": true,
			"os": [
				"darwin"
			],
			"engines": {
				"node": "^8.16.0 || ^10.6.0 || >=11.0.0"
			}
		},
		"node_modules/get-tsconfig": {
			"version": "4.4.0",
			"resolved": "https://registry.npmjs.org/get-tsconfig/-/get-tsconfig-4.4.0.tgz",
			"integrity": "sha512-0Gdjo/9+FzsYhXCEFueo2aY1z1tpXrxWZzP7k8ul9qt1U5o8rYJwTJYmaeHdrVosYIVYkOy2iwCJ9FdpocJhPQ==",
			"dev": true,
			"funding": {
				"url": "https://github.com/privatenumber/get-tsconfig?sponsor=1"
			}
		},
		"node_modules/glob-parent": {
			"version": "5.1.2",
			"resolved": "https://registry.npmjs.org/glob-parent/-/glob-parent-5.1.2.tgz",
			"integrity": "sha512-AOIgSQCepiJYwP3ARnGx+5VnTu2HBYdzbGP45eLw1vr3zB3vZLeyed1sC9hnbcOc9/SrMyM5RPQrkGz4aS9Zow==",
			"dev": true,
			"dependencies": {
				"is-glob": "^4.0.1"
			},
			"engines": {
				"node": ">= 6"
			}
		},
		"node_modules/is-extglob": {
			"version": "2.1.1",
			"resolved": "https://registry.npmjs.org/is-extglob/-/is-extglob-2.1.1.tgz",
			"integrity": "sha512-SbKbANkN603Vi4jEZv49LeVJMn4yGwsbzZworEoyEiutsN3nJYdbO36zfhGJ6QEDpOZIFkDtnq5JRxmvl3jsoQ==",
			"dev": true,
			"engines": {
				"node": ">=0.10.0"
			}
		},
		"node_modules/is-glob": {
			"version": "4.0.3",
			"resolved": "https://registry.npmjs.org/is-glob/-/is-glob-4.0.3.tgz",
			"integrity": "sha512-xelSayHH36ZgE7ZWhli7pW34hNbNl8Ojv5KVmkJD4hBdD3th8Tfk9vYasLM+mXWOZhFkgZfxhLSnrwRr4elSSg==",
			"dev": true,
			"dependencies": {
				"is-extglob": "^2.1.1"
			},
			"engines": {
				"node": ">=0.10.0"
			}
		},
		"node_modules/is-number": {
			"version": "7.0.0",
			"resolved": "https://registry.npmjs.org/is-number/-/is-number-7.0.0.tgz",
			"integrity": "sha512-41Cifkg6e8TylSpdtTpeLVMqvSBEVzTttHvERD741+pnZ8ANv0004MRL43QKPDlK9cGvNp6NZWZUBlbGXYxxng==",
			"dev": true,
			"engines": {
				"node": ">=0.12.0"
			}
		},
		"node_modules/merge2": {
			"version": "1.4.1",
			"resolved": "https://registry.npmjs.org/merge2/-/merge2-1.4.1.tgz",
			"integrity": "sha512-8q7VEgMJW4J8tcfVPy8g09NcQwZdbwFEqhe/WZkoIzjn/3TGDwtOCYtXGxA3O8tPzpczCCDgv+P2P5y00ZJOOg==",
			"dev": true,
			"engines": {
				"node": ">= 8"
			}
		},
		"node_modules/micromatch": {
			"version": "4.0.5",
			"resolved": "https://registry.npmjs.org/micromatch/-/micromatch-4.0.5.tgz",
			"integrity": "sha512-DMy+ERcEW2q8Z2Po+WNXuw3c5YaUSFjAO5GsJqfEl7UjvtIuFKO6ZrKvcItdy98dwFI2N1tg3zNIdKaQT+aNdA==",
			"dev": true,
			"dependencies": {
				"braces": "^3.0.2",
				"picomatch": "^2.3.1"
			},
			"engines": {
				"node": ">=8.6"
			}
		},
		"node_modules/picomatch": {
			"version": "2.3.1",
			"resolved": "https://registry.npmjs.org/picomatch/-/picomatch-2.3.1.tgz",
			"integrity": "sha512-JU3teHTNjmE2VCGFzuY8EXzCDVwEqB2a8fsIvwaStHhAWJEeVd1o1QD80CU6+ZdEXXSLbSsuLwJjkCBWqRQUVA==",
			"dev": true,
			"engines": {
				"node": ">=8.6"
			},
			"funding": {
				"url": "https://github.com/sponsors/jonschlinkert"
			}
		},
		"node_modules/queue-microtask": {
			"version": "1.2.3",
			"resolved": "https://registry.npmjs.org/queue-microtask/-/queue-microtask-1.2.3.tgz",
			"integrity": "sha512-NuaNSa6flKT5JaSYQzJok04JzTL1CA6aGhv5rfLW3PgqA+M2ChpZQnAC8h8i4ZFkBS8X5RqkDBHA7r4hej3K9A==",
			"dev": true,
			"funding": [
				{
					"type": "github",
					"url": "https://github.com/sponsors/feross"
				},
				{
					"type": "patreon",
					"url": "https://www.patreon.com/feross"
				},
				{
					"type": "consulting",
					"url": "https://feross.org/support"
				}
			]
		},
		"node_modules/reusify": {
			"version": "1.0.4",
			"resolved": "https://registry.npmjs.org/reusify/-/reusify-1.0.4.tgz",
			"integrity": "sha512-U9nH88a3fc/ekCF1l0/UP1IosiuIjyTh7hBvXVMHYgVcfGvt897Xguj2UOLDeI5BG2m7/uwyaLVT6fbtCwTyzw==",
			"dev": true,
			"engines": {
				"iojs": ">=1.0.0",
				"node": ">=0.10.0"
			}
		},
		"node_modules/run-parallel": {
			"version": "1.2.0",
			"resolved": "https://registry.npmjs.org/run-parallel/-/run-parallel-1.2.0.tgz",
			"integrity": "sha512-5l4VyZR86LZ/lDxZTR6jqL8AFE2S0IFLMP26AbjsLVADxHdhB/c0GUsH+y39UfCi3dzz8OlQuPmnaJOMoDHQBA==",
			"dev": true,
			"funding": [
				{
					"type": "github",
					"url": "https://github.com/sponsors/feross"
				},
				{
					"type": "patreon",
					"url": "https://www.patreon.com/feross"
				},
				{
					"type": "consulting",
					"url": "https://feross.org/support"
				}
			],
			"dependencies": {
				"queue-microtask": "^1.2.2"
			}
		},
		"node_modules/source-map": {
			"version": "0.6.1",
			"resolved": "https://registry.npmjs.org/source-map/-/source-map-0.6.1.tgz",
			"integrity": "sha512-UjgapumWlbMhkBgzT7Ykc5YXUT46F0iKu8SGXq0bcwP5dz/h0Plj6enJqjz1Zbq2l5WaqYnrVbwWOWMyF3F47g==",
			"dev": true,
			"engines": {
				"node": ">=0.10.0"
			}
		},
		"node_modules/source-map-support": {
			"version": "0.5.21",
			"resolved": "https://registry.npmjs.org/source-map-support/-/source-map-support-0.5.21.tgz",
			"integrity": "sha512-uBHU3L3czsIyYXKX88fdrGovxdSCoTGDRZ6SYXtSRxLZUzHg5P/66Ht6uoUlHu9EZod+inXhKo3qQgwXUT/y1w==",
			"dev": true,
			"dependencies": {
				"buffer-from": "^1.0.0",
				"source-map": "^0.6.0"
			}
		},
		"node_modules/to-regex-range": {
			"version": "5.0.1",
			"resolved": "https://registry.npmjs.org/to-regex-range/-/to-regex-range-5.0.1.tgz",
			"integrity": "sha512-65P7iz6X5yEr1cwcgvQxbbIw7Uk3gOy5dIdtZ4rDveLqhrdJP+Li/Hx6tyK0NEb+2GCyneCMJiGqrADCSNk8sQ==",
			"dev": true,
			"dependencies": {
				"is-number": "^7.0.0"
			},
			"engines": {
				"node": ">=8.0"
			}
		},
		"node_modules/tsx": {
			"version": "3.12.3",
			"resolved": "https://registry.npmjs.org/tsx/-/tsx-3.12.3.tgz",
			"integrity": "sha512-Wc5BFH1xccYTXaQob+lEcimkcb/Pq+0en2s+ruiX0VEIC80nV7/0s7XRahx8NnsoCnpCVUPz8wrqVSPi760LkA==",
			"dev": true,
			"dependencies": {
				"@esbuild-kit/cjs-loader": "^2.4.2",
				"@esbuild-kit/core-utils": "^3.0.0",
				"@esbuild-kit/esm-loader": "^2.5.5"
			},
			"bin": {
				"tsx": "dist/cli.js"
			},
			"optionalDependencies": {
				"fsevents": "~2.3.2"
			}
		}
	}
}
